
Microsoft Visual Studio Solution File, Format Version 12.00
# Visual Studio Version 16
VisualStudioVersion = 16.0.30413.136
MinimumVisualStudioVersion = 10.0.40219.1
Project("{FAE04EC0-301F-11D3-BF4B-00C04F79EFBC}") = "EventHandler", "EventHandler.csproj", "{138E8417-A283-4D24-8BE2-6A97D8B68F4D}"
EndProject
Global
	GlobalSection(SolutionConfigurationPlatforms) = preSolution
		Debug|Any CPU = Debug|Any CPU
		Release|Any CPU = Release|Any CPU
	EndGlobalSection
	GlobalSection(ProjectConfigurationPlatforms) = postSolution
		{138E8417-A283-4D24-8BE2-6A97D8B68F4D}.Debug|Any CPU.ActiveCfg = Debug|Any CPU
		{138E8417-A283-4D24-8BE2-6A97D8B68F4D}.Debug|Any CPU.Build.0 = Debug|Any CPU
		{138E8417-A283-4D24-8BE2-6A97D8B68F4D}.Release|Any CPU.ActiveCfg = Release|Any CPU
		{138E8417-A283-4D24-8BE2-6A97D8B68F4D}.Release|Any CPU.Build.0 = Release|Any CPU
	EndGlobalSection
	GlobalSection(SolutionProperties) = preSolution
		HideSolutionNode = FALSE
	EndGlobalSection
	GlobalSection(ExtensibilityGlobals) = postSolution
		SolutionGuid = {99704C87-E95F-4F4A-B3CB-33ED65581312}
	EndGlobalSection
EndGlobal
