
Microsoft Visual Studio Solution File, Format Version 12.00
# Visual Studio Version 16
VisualStudioVersion = 16.0.30413.136
MinimumVisualStudioVersion = 10.0.40219.1
Project("{FAE04EC0-301F-11D3-BF4B-00C04F79EFBC}") = "LinqOverCollections", "LinqOverCollections.csproj", "{CE1F06E3-8EBB-4902-B133-072E9B159097}"
EndProject
Global
	GlobalSection(SolutionConfigurationPlatforms) = preSolution
		Debug|Any CPU = Debug|Any CPU
		Release|Any CPU = Release|Any CPU
	EndGlobalSection
	GlobalSection(ProjectConfigurationPlatforms) = postSolution
		{CE1F06E3-8EBB-4902-B133-072E9B159097}.Debug|Any CPU.ActiveCfg = Debug|Any CPU
		{CE1F06E3-8EBB-4902-B133-072E9B159097}.Debug|Any CPU.Build.0 = Debug|Any CPU
		{CE1F06E3-8EBB-4902-B133-072E9B159097}.Release|Any CPU.ActiveCfg = Release|Any CPU
		{CE1F06E3-8EBB-4902-B133-072E9B159097}.Release|Any CPU.Build.0 = Release|Any CPU
	EndGlobalSection
	GlobalSection(SolutionProperties) = preSolution
		HideSolutionNode = FALSE
	EndGlobalSection
	GlobalSection(ExtensibilityGlobals) = postSolution
		SolutionGuid = {09599677-F301-410A-8FC0-2B2FD69756F1}
	EndGlobalSection
EndGlobal
