
Microsoft Visual Studio Solution File, Format Version 12.00
# Visual Studio Version 16
VisualStudioVersion = 16.0.30413.136
MinimumVisualStudioVersion = 10.0.40219.1
Project("{FAE04EC0-301F-11D3-BF4B-00C04F79EFBC}") = "VehicleDescriptionAttributeReader", "VehicleDescriptionAttributeReader.csproj", "{D358EBA6-3719-4924-BB67-5925DCE9190D}"
EndProject
Global
	GlobalSection(SolutionConfigurationPlatforms) = preSolution
		Debug|Any CPU = Debug|Any CPU
		Release|Any CPU = Release|Any CPU
	EndGlobalSection
	GlobalSection(ProjectConfigurationPlatforms) = postSolution
		{D358EBA6-3719-4924-BB67-5925DCE9190D}.Debug|Any CPU.ActiveCfg = Debug|Any CPU
		{D358EBA6-3719-4924-BB67-5925DCE9190D}.Debug|Any CPU.Build.0 = Debug|Any CPU
		{D358EBA6-3719-4924-BB67-5925DCE9190D}.Release|Any CPU.ActiveCfg = Release|Any CPU
		{D358EBA6-3719-4924-BB67-5925DCE9190D}.Release|Any CPU.Build.0 = Release|Any CPU
	EndGlobalSection
	GlobalSection(SolutionProperties) = preSolution
		HideSolutionNode = FALSE
	EndGlobalSection
	GlobalSection(ExtensibilityGlobals) = postSolution
		SolutionGuid = {23A97500-AA38-4F1B-B623-B2108A58E030}
	EndGlobalSection
EndGlobal
