
Microsoft Visual Studio Solution File, Format Version 12.00
# Visual Studio Version 16
VisualStudioVersion = 16.0.30413.136
MinimumVisualStudioVersion = 10.0.40219.1
Project("{FAE04EC0-301F-11D3-BF4B-00C04F79EFBC}") = "CarEvents2", "CarEvents2.csproj", "{CA522BBE-771B-40FA-8863-F079A49344FE}"
EndProject
Global
	GlobalSection(SolutionConfigurationPlatforms) = preSolution
		Debug|Any CPU = Debug|Any CPU
		Release|Any CPU = Release|Any CPU
	EndGlobalSection
	GlobalSection(ProjectConfigurationPlatforms) = postSolution
		{CA522BBE-771B-40FA-8863-F079A49344FE}.Debug|Any CPU.ActiveCfg = Debug|Any CPU
		{CA522BBE-771B-40FA-8863-F079A49344FE}.Debug|Any CPU.Build.0 = Debug|Any CPU
		{CA522BBE-771B-40FA-8863-F079A49344FE}.Release|Any CPU.ActiveCfg = Release|Any CPU
		{CA522BBE-771B-40FA-8863-F079A49344FE}.Release|Any CPU.Build.0 = Release|Any CPU
	EndGlobalSection
	GlobalSection(SolutionProperties) = preSolution
		HideSolutionNode = FALSE
	EndGlobalSection
	GlobalSection(ExtensibilityGlobals) = postSolution
		SolutionGuid = {AA4D58BD-5B0C-4653-B328-39D60CFB2B5A}
	EndGlobalSection
EndGlobal
