
Microsoft Visual Studio Solution File, Format Version 12.00
# Visual Studio Version 16
VisualStudioVersion = 16.0.30413.136
MinimumVisualStudioVersion = 10.0.40219.1
Project("{FAE04EC0-301F-11D3-BF4B-00C04F79EFBC}") = "CarDelegateMethodGroupConversion", "CarDelegateMethodGroupConversion.csproj", "{B43FF4B4-670E-47DB-B3B9-4776CE3DEC66}"
EndProject
Global
	GlobalSection(SolutionConfigurationPlatforms) = preSolution
		Debug|Any CPU = Debug|Any CPU
		Release|Any CPU = Release|Any CPU
	EndGlobalSection
	GlobalSection(ProjectConfigurationPlatforms) = postSolution
		{B43FF4B4-670E-47DB-B3B9-4776CE3DEC66}.Debug|Any CPU.ActiveCfg = Debug|Any CPU
		{B43FF4B4-670E-47DB-B3B9-4776CE3DEC66}.Debug|Any CPU.Build.0 = Debug|Any CPU
		{B43FF4B4-670E-47DB-B3B9-4776CE3DEC66}.Release|Any CPU.ActiveCfg = Release|Any CPU
		{B43FF4B4-670E-47DB-B3B9-4776CE3DEC66}.Release|Any CPU.Build.0 = Release|Any CPU
	EndGlobalSection
	GlobalSection(SolutionProperties) = preSolution
		HideSolutionNode = FALSE
	EndGlobalSection
	GlobalSection(ExtensibilityGlobals) = postSolution
		SolutionGuid = {462B7144-BD09-4168-8BB6-589AF9C2D2C3}
	EndGlobalSection
EndGlobal
