
Microsoft Visual Studio Solution File, Format Version 12.00
# Visual Studio Version 16
VisualStudioVersion = 16.0.30413.136
MinimumVisualStudioVersion = 10.0.40219.1
Project("{FAE04EC0-301F-11D3-BF4B-00C04F79EFBC}") = "ObjectInitializers", "ObjectInitializers.csproj", "{70409DCD-1712-4B03-A58B-46C9ED092318}"
EndProject
Global
	GlobalSection(SolutionConfigurationPlatforms) = preSolution
		Debug|Any CPU = Debug|Any CPU
		Release|Any CPU = Release|Any CPU
	EndGlobalSection
	GlobalSection(ProjectConfigurationPlatforms) = postSolution
		{70409DCD-1712-4B03-A58B-46C9ED092318}.Debug|Any CPU.ActiveCfg = Debug|Any CPU
		{70409DCD-1712-4B03-A58B-46C9ED092318}.Debug|Any CPU.Build.0 = Debug|Any CPU
		{70409DCD-1712-4B03-A58B-46C9ED092318}.Release|Any CPU.ActiveCfg = Release|Any CPU
		{70409DCD-1712-4B03-A58B-46C9ED092318}.Release|Any CPU.Build.0 = Release|Any CPU
	EndGlobalSection
	GlobalSection(SolutionProperties) = preSolution
		HideSolutionNode = FALSE
	EndGlobalSection
	GlobalSection(ExtensibilityGlobals) = postSolution
		SolutionGuid = {D6D58E22-5F03-4EAF-A2D2-683EB23DAECA}
	EndGlobalSection
EndGlobal
