
Microsoft Visual Studio Solution File, Format Version 12.00
# Visual Studio Version 16
VisualStudioVersion = 16.0.30413.136
MinimumVisualStudioVersion = 10.0.40219.1
Project("{FAE04EC0-301F-11D3-BF4B-00C04F79EFBC}") = "ThreadPoolApp", "ThreadPoolApp.csproj", "{547DA6C1-9883-4D89-BA85-BC818C722F62}"
EndProject
Global
	GlobalSection(SolutionConfigurationPlatforms) = preSolution
		Debug|Any CPU = Debug|Any CPU
		Release|Any CPU = Release|Any CPU
	EndGlobalSection
	GlobalSection(ProjectConfigurationPlatforms) = postSolution
		{547DA6C1-9883-4D89-BA85-BC818C722F62}.Debug|Any CPU.ActiveCfg = Debug|Any CPU
		{547DA6C1-9883-4D89-BA85-BC818C722F62}.Debug|Any CPU.Build.0 = Debug|Any CPU
		{547DA6C1-9883-4D89-BA85-BC818C722F62}.Release|Any CPU.ActiveCfg = Release|Any CPU
		{547DA6C1-9883-4D89-BA85-BC818C722F62}.Release|Any CPU.Build.0 = Release|Any CPU
	EndGlobalSection
	GlobalSection(SolutionProperties) = preSolution
		HideSolutionNode = FALSE
	EndGlobalSection
	GlobalSection(ExtensibilityGlobals) = postSolution
		SolutionGuid = {A9B8DA22-90F6-412F-AFFD-90FCB09E9A46}
	EndGlobalSection
EndGlobal
