
Microsoft Visual Studio Solution File, Format Version 12.00
# Visual Studio Version 16
VisualStudioVersion = 16.0.30413.136
MinimumVisualStudioVersion = 10.0.40219.1
Project("{FAE04EC0-301F-11D3-BF4B-00C04F79EFBC}") = "ICloneableExample", "ICloneableExample.csproj", "{7543B2B2-A155-4234-807A-3753395FE077}"
EndProject
Global
	GlobalSection(SolutionConfigurationPlatforms) = preSolution
		Debug|Any CPU = Debug|Any CPU
		Release|Any CPU = Release|Any CPU
	EndGlobalSection
	GlobalSection(ProjectConfigurationPlatforms) = postSolution
		{7543B2B2-A155-4234-807A-3753395FE077}.Debug|Any CPU.ActiveCfg = Debug|Any CPU
		{7543B2B2-A155-4234-807A-3753395FE077}.Debug|Any CPU.Build.0 = Debug|Any CPU
		{7543B2B2-A155-4234-807A-3753395FE077}.Release|Any CPU.ActiveCfg = Release|Any CPU
		{7543B2B2-A155-4234-807A-3753395FE077}.Release|Any CPU.Build.0 = Release|Any CPU
	EndGlobalSection
	GlobalSection(SolutionProperties) = preSolution
		HideSolutionNode = FALSE
	EndGlobalSection
	GlobalSection(ExtensibilityGlobals) = postSolution
		SolutionGuid = {E94EB9FB-CC5D-4741-A99C-E94421974587}
	EndGlobalSection
EndGlobal
