
Microsoft Visual Studio Solution File, Format Version 12.00
# Visual Studio Version 16
VisualStudioVersion = 16.0.30413.136
MinimumVisualStudioVersion = 10.0.40219.1
Project("{FAE04EC0-301F-11D3-BF4B-00C04F79EFBC}") = "DirectoryApp", "DirectoryApp.csproj", "{1D98B191-F8A3-4E01-9F02-5EC2866DF9EA}"
EndProject
Global
	GlobalSection(SolutionConfigurationPlatforms) = preSolution
		Debug|Any CPU = Debug|Any CPU
		Release|Any CPU = Release|Any CPU
	EndGlobalSection
	GlobalSection(ProjectConfigurationPlatforms) = postSolution
		{1D98B191-F8A3-4E01-9F02-5EC2866DF9EA}.Debug|Any CPU.ActiveCfg = Debug|Any CPU
		{1D98B191-F8A3-4E01-9F02-5EC2866DF9EA}.Debug|Any CPU.Build.0 = Debug|Any CPU
		{1D98B191-F8A3-4E01-9F02-5EC2866DF9EA}.Release|Any CPU.ActiveCfg = Release|Any CPU
		{1D98B191-F8A3-4E01-9F02-5EC2866DF9EA}.Release|Any CPU.Build.0 = Release|Any CPU
	EndGlobalSection
	GlobalSection(SolutionProperties) = preSolution
		HideSolutionNode = FALSE
	EndGlobalSection
	GlobalSection(ExtensibilityGlobals) = postSolution
		SolutionGuid = {81F0E9F3-698D-4F20-8856-4D993A8ED53A}
	EndGlobalSection
EndGlobal
