
Microsoft Visual Studio Solution File, Format Version 12.00
# Visual Studio Version 16
VisualStudioVersion = 16.0.30413.136
MinimumVisualStudioVersion = 10.0.40219.1
Project("{FAE04EC0-301F-11D3-BF4B-00C04F79EFBC}") = "AsyncDelegate", "AsyncDelegate.csproj", "{061DA992-1714-4743-8CDE-1596A510EEC5}"
EndProject
Global
	GlobalSection(SolutionConfigurationPlatforms) = preSolution
		Debug|Any CPU = Debug|Any CPU
		Release|Any CPU = Release|Any CPU
	EndGlobalSection
	GlobalSection(ProjectConfigurationPlatforms) = postSolution
		{061DA992-1714-4743-8CDE-1596A510EEC5}.Debug|Any CPU.ActiveCfg = Debug|Any CPU
		{061DA992-1714-4743-8CDE-1596A510EEC5}.Debug|Any CPU.Build.0 = Debug|Any CPU
		{061DA992-1714-4743-8CDE-1596A510EEC5}.Release|Any CPU.ActiveCfg = Release|Any CPU
		{061DA992-1714-4743-8CDE-1596A510EEC5}.Release|Any CPU.Build.0 = Release|Any CPU
	EndGlobalSection
	GlobalSection(SolutionProperties) = preSolution
		HideSolutionNode = FALSE
	EndGlobalSection
	GlobalSection(ExtensibilityGlobals) = postSolution
		SolutionGuid = {751266DC-C6C8-48BD-ACB3-8245E1A583D2}
	EndGlobalSection
EndGlobal
