
Microsoft Visual Studio Solution File, Format Version 12.00
# Visual Studio Version 16
VisualStudioVersion = 16.0.30413.136
MinimumVisualStudioVersion = 10.0.40219.1
Project("{FAE04EC0-301F-11D3-BF4B-00C04F79EFBC}") = "EnumsApp", "EnumsApp.csproj", "{B4196443-8E96-41B6-9357-2D942417B103}"
EndProject
Global
	GlobalSection(SolutionConfigurationPlatforms) = preSolution
		Debug|Any CPU = Debug|Any CPU
		Release|Any CPU = Release|Any CPU
	EndGlobalSection
	GlobalSection(ProjectConfigurationPlatforms) = postSolution
		{B4196443-8E96-41B6-9357-2D942417B103}.Debug|Any CPU.ActiveCfg = Debug|Any CPU
		{B4196443-8E96-41B6-9357-2D942417B103}.Debug|Any CPU.Build.0 = Debug|Any CPU
		{B4196443-8E96-41B6-9357-2D942417B103}.Release|Any CPU.ActiveCfg = Release|Any CPU
		{B4196443-8E96-41B6-9357-2D942417B103}.Release|Any CPU.Build.0 = Release|Any CPU
	EndGlobalSection
	GlobalSection(SolutionProperties) = preSolution
		HideSolutionNode = FALSE
	EndGlobalSection
	GlobalSection(ExtensibilityGlobals) = postSolution
		SolutionGuid = {85CD0391-4416-49CE-BD3A-0F4B940BAED2}
	EndGlobalSection
EndGlobal
