
Microsoft Visual Studio Solution File, Format Version 12.00
# Visual Studio Version 16
VisualStudioVersion = 16.0.30413.136
MinimumVisualStudioVersion = 10.0.40219.1
Project("{FAE04EC0-301F-11D3-BF4B-00C04F79EFBC}") = "Environment", "Environment.csproj", "{22C8784F-DA15-4DA8-BB44-1D70052B6A91}"
EndProject
Global
	GlobalSection(SolutionConfigurationPlatforms) = preSolution
		Debug|Any CPU = Debug|Any CPU
		Release|Any CPU = Release|Any CPU
	EndGlobalSection
	GlobalSection(ProjectConfigurationPlatforms) = postSolution
		{22C8784F-DA15-4DA8-BB44-1D70052B6A91}.Debug|Any CPU.ActiveCfg = Debug|Any CPU
		{22C8784F-DA15-4DA8-BB44-1D70052B6A91}.Debug|Any CPU.Build.0 = Debug|Any CPU
		{22C8784F-DA15-4DA8-BB44-1D70052B6A91}.Release|Any CPU.ActiveCfg = Release|Any CPU
		{22C8784F-DA15-4DA8-BB44-1D70052B6A91}.Release|Any CPU.Build.0 = Release|Any CPU
	EndGlobalSection
	GlobalSection(SolutionProperties) = preSolution
		HideSolutionNode = FALSE
	EndGlobalSection
	GlobalSection(ExtensibilityGlobals) = postSolution
		SolutionGuid = {6D29440F-933E-4E05-875D-CC704D420D65}
	EndGlobalSection
EndGlobal
