
Microsoft Visual Studio Solution File, Format Version 12.00
# Visual Studio Version 16
VisualStudioVersion = 16.0.30413.136
MinimumVisualStudioVersion = 10.0.40219.1
Project("{FAE04EC0-301F-11D3-BF4B-00C04F79EFBC}") = "InterfaceHierarchy", "InterfaceHierarchy.csproj", "{AB9E1954-D830-47CC-8EF4-8E012494D6CE}"
EndProject
Global
	GlobalSection(SolutionConfigurationPlatforms) = preSolution
		Debug|Any CPU = Debug|Any CPU
		Release|Any CPU = Release|Any CPU
	EndGlobalSection
	GlobalSection(ProjectConfigurationPlatforms) = postSolution
		{AB9E1954-D830-47CC-8EF4-8E012494D6CE}.Debug|Any CPU.ActiveCfg = Debug|Any CPU
		{AB9E1954-D830-47CC-8EF4-8E012494D6CE}.Debug|Any CPU.Build.0 = Debug|Any CPU
		{AB9E1954-D830-47CC-8EF4-8E012494D6CE}.Release|Any CPU.ActiveCfg = Release|Any CPU
		{AB9E1954-D830-47CC-8EF4-8E012494D6CE}.Release|Any CPU.Build.0 = Release|Any CPU
	EndGlobalSection
	GlobalSection(SolutionProperties) = preSolution
		HideSolutionNode = FALSE
	EndGlobalSection
	GlobalSection(ExtensibilityGlobals) = postSolution
		SolutionGuid = {F62BF5B6-83CA-4B77-813C-927CDBF16B69}
	EndGlobalSection
EndGlobal
