
Microsoft Visual Studio Solution File, Format Version 12.00
# Visual Studio Version 16
VisualStudioVersion = 16.0.30413.136
MinimumVisualStudioVersion = 10.0.40219.1
Project("{FAE04EC0-301F-11D3-BF4B-00C04F79EFBC}") = "FinalizableDisposableClass2", "FinalizableDisposableClass2.csproj", "{B2FB51F5-BC90-43EF-99C3-DC65BCFD9EE9}"
EndProject
Global
	GlobalSection(SolutionConfigurationPlatforms) = preSolution
		Debug|Any CPU = Debug|Any CPU
		Release|Any CPU = Release|Any CPU
	EndGlobalSection
	GlobalSection(ProjectConfigurationPlatforms) = postSolution
		{B2FB51F5-BC90-43EF-99C3-DC65BCFD9EE9}.Debug|Any CPU.ActiveCfg = Debug|Any CPU
		{B2FB51F5-BC90-43EF-99C3-DC65BCFD9EE9}.Debug|Any CPU.Build.0 = Debug|Any CPU
		{B2FB51F5-BC90-43EF-99C3-DC65BCFD9EE9}.Release|Any CPU.ActiveCfg = Release|Any CPU
		{B2FB51F5-BC90-43EF-99C3-DC65BCFD9EE9}.Release|Any CPU.Build.0 = Release|Any CPU
	EndGlobalSection
	GlobalSection(SolutionProperties) = preSolution
		HideSolutionNode = FALSE
	EndGlobalSection
	GlobalSection(ExtensibilityGlobals) = postSolution
		SolutionGuid = {1F0E3B95-2694-46F5-9DF7-D503151768F3}
	EndGlobalSection
EndGlobal
